<?xml version="1.0" encoding="UTF-8" standalone="yes" ?>
<CodeBlocks_project_file>
	<FileVersion major="1" minor="6" />
	<Project>
		<Option title="RLG" />
		<Option pch_mode="2" />
		<Option compiler="gcc" />
		<Build>
			<Target title="Debug">
				<Option output="../bin/Debug/RLG" prefix_auto="1" extension_auto="1" />
				<Option working_dir="../bin/Debug/" />
				<Option object_output="../obj/Debug/" />
				<Option type="1" />
				<Option compiler="gcc" />
				<Compiler>
					<Add option="-g" />
				</Compiler>
			</Target>
			<Target title="Release">
				<Option output="../bin/Release/RLG" prefix_auto="1" extension_auto="1" />
				<Option working_dir="../bin/Release/" />
				<Option object_output="../obj/Release/" />
				<Option type="0" />
				<Option compiler="gcc" />
				<Compiler>
					<Add option="-O2" />
				</Compiler>
				<Linker>
					<Add option="-s" />
				</Linker>
			</Target>
		</Build>
		<Compiler>
			<Add option="-std=gnu++11" />
			<Add option="-Wall" />
			<Add option="-DSFML_STATIC" />
			<Add directory="../include" />
		</Compiler>
		<Linker>
			<Add library="libimm32" />
			<Add library="libimgui-sfml" />
			<Add library="sfml-graphics-s" />
			<Add library="sfml-network-s" />
			<Add library="sfml-window-s" />
			<Add library="sfml-system-s" />
			<Add library="jpeg" />
			<Add library="freetype" />
			<Add library="ws2_32" />
			<Add library="opengl32" />
			<Add library="gdi32" />
			<Add library="winmm" />
			<Add directory="../lib" />
		</Linker>
		<Unit filename="../include/modules/fileman.h" />
		<Unit filename="../include/modules/mapman.h" />
		<Unit filename="../include/modules/rezman.h" />
		<Unit filename="../include/modules/toolman.h" />
		<Unit filename="../include/modules/worldman.h" />
		<Unit filename="../src/jsonCPP/json_reader.cpp" />
		<Unit filename="../src/jsonCPP/json_value.cpp" />
		<Unit filename="../src/jsonCPP/json_writer.cpp" />
		<Unit filename="../src/mapman/mapman.cpp" />
		<Unit filename="../src/mapman/mapman_main.cpp">
			<Option target="&lt;{~None~}&gt;" />
		</Unit>
		<Unit filename="../src/modules/fileman.cpp" />
		<Unit filename="../src/modules/toolman.cpp" />
		<Unit filename="../src/rezman/rezman.cpp" />
		<Unit filename="../src/rezman/rezman_main.cpp">
			<Option target="&lt;{~None~}&gt;" />
		</Unit>
		<Unit filename="../src/rlg_main.cpp" />
		<Unit filename="../src/worldman/worldman.cpp" />
		<Unit filename="../src/worldman/worldman_main.cpp">
			<Option target="&lt;{~None~}&gt;" />
		</Unit>
		<Unit filename="../src/worldman/worldman_minor.cpp" />
		<Unit filename="../src/worldman/worldman_moon.cpp" />
		<Unit filename="../src/worldman/worldman_planet.cpp" />
		<Unit filename="../src/worldman/worldman_star.cpp" />
		<Extensions>
			<code_completion />
			<debugger />
			<envvars />
		</Extensions>
	</Project>
</CodeBlocks_project_file>
